
Microsoft Visual Studio Solution File, Format Version 12.00
# Visual Studio Version 17
VisualStudioVersion = 17.1.32319.34
MinimumVisualStudioVersion = 10.0.40219.1
Project("{FAE04EC0-301F-11D3-BF4B-00C04F79EFBC}") = "Snailax", "Snailax\Snailax.csproj", "{5328CBE3-F536-401E-A555-04D7EC253138}"
EndProject
Global
	GlobalSection(SolutionConfigurationPlatforms) = preSolution
		Debug|Any CPU = Debug|Any CPU
		Release|Any CPU = Release|Any CPU
	EndGlobalSection
	GlobalSection(ProjectConfigurationPlatforms) = postSolution
		{5328CBE3-F536-401E-A555-04D7EC253138}.Debug|Any CPU.ActiveCfg = Debug|Any CPU
		{5328CBE3-F536-401E-A555-04D7EC253138}.Debug|Any CPU.Build.0 = Debug|Any CPU
		{5328CBE3-F536-401E-A555-04D7EC253138}.Release|Any CPU.ActiveCfg = Release|Any CPU
		{5328CBE3-F536-401E-A555-04D7EC253138}.Release|Any CPU.Build.0 = Release|Any CPU
	EndGlobalSection
	GlobalSection(SolutionProperties) = preSolution
		HideSolutionNode = FALSE
	EndGlobalSection
	GlobalSection(ExtensibilityGlobals) = postSolution
		SolutionGuid = {9D9B58CF-F90B-4059-92ED-AFC7EA7C45FE}
	EndGlobalSection
EndGlobal
